// !$*UTF8*$!
{
	archiveVersion = 1;
	classes = {
	};
	objectVersion = 60;
	objects = {

/* Begin PBXBuildFile section */
		88E7AD962CD78F0C00880575 /* AppDelegate.swift in Sources */ = {isa = PBXBuildFile; fileRef = 88E7AD952CD78F0C00880575 /* AppDelegate.swift */; };
		88E7AD982CD78F0C00880575 /* SceneDelegate.swift in Sources */ = {isa = PBXBuildFile; fileRef = 88E7AD972CD78F0C00880575 /* SceneDelegate.swift */; };
		88E7AD9D2CD78F0C00880575 /* Main.storyboard in Resources */ = {isa = PBXBuildFile; fileRef = 88E7AD9B2CD78F0C00880575 /* Main.storyboard */; };
		88E7AD9F2CD78F0E00880575 /* Assets.xcassets in Resources */ = {isa = PBXBuildFile; fileRef = 88E7AD9E2CD78F0E00880575 /* Assets.xcassets */; };
		88E7ADAF2CD7917500880575 /* AuthViewController.swift in Sources */ = {isa = PBXBuildFile; fileRef = 88E7ADAE2CD7917500880575 /* AuthViewController.swift */; };
		88E7ADB12CD793C300880575 /* AuthViewModel.swift in Sources */ = {isa = PBXBuildFile; fileRef = 88E7ADB02CD793C300880575 /* AuthViewModel.swift */; };
		88E7ADB42CD793E200880575 /* AuthCollectionViewCell.swift in Sources */ = {isa = PBXBuildFile; fileRef = 88E7ADB32CD793E200880575 /* AuthCollectionViewCell.swift */; };
		88E7ADB72CD7AD3100880575 /* QuizViewController.swift in Sources */ = {isa = PBXBuildFile; fileRef = 88E7ADB62CD7AD3100880575 /* QuizViewController.swift */; };
		88E7ADB92CD7AD4100880575 /* QuizViewModel.swift in Sources */ = {isa = PBXBuildFile; fileRef = 88E7ADB82CD7AD4100880575 /* QuizViewModel.swift */; };
		88E7ADBC2CD7AD5A00880575 /* QuizCollectionViewCell.swift in Sources */ = {isa = PBXBuildFile; fileRef = 88E7ADBB2CD7AD5A00880575 /* QuizCollectionViewCell.swift */; };
		88E7ADC02CD8151E00880575 /* KeychainManager.swift in Sources */ = {isa = PBXBuildFile; fileRef = 88E7ADBF2CD8151E00880575 /* KeychainManager.swift */; };
		88E7ADC32CD815E800880575 /* User.swift in Sources */ = {isa = PBXBuildFile; fileRef = 88E7ADC22CD815E800880575 /* User.swift */; };
/* End PBXBuildFile section */

/* Begin PBXFileReference section */
		88E7AD922CD78F0C00880575 /* homework20.app */ = {isa = PBXFileReference; explicitFileType = wrapper.application; includeInIndex = 0; path = homework20.app; sourceTree = BUILT_PRODUCTS_DIR; };
		88E7AD952CD78F0C00880575 /* AppDelegate.swift */ = {isa = PBXFileReference; lastKnownFileType = sourcecode.swift; path = AppDelegate.swift; sourceTree = "<group>"; };
		88E7AD972CD78F0C00880575 /* SceneDelegate.swift */ = {isa = PBXFileReference; lastKnownFileType = sourcecode.swift; path = SceneDelegate.swift; sourceTree = "<group>"; };
		88E7AD9C2CD78F0C00880575 /* Base */ = {isa = PBXFileReference; lastKnownFileType = file.storyboard; name = Base; path = Base.lproj/Main.storyboard; sourceTree = "<group>"; };
		88E7AD9E2CD78F0E00880575 /* Assets.xcassets */ = {isa = PBXFileReference; lastKnownFileType = folder.assetcatalog; path = Assets.xcassets; sourceTree = "<group>"; };
		88E7ADA32CD78F0E00880575 /* Info.plist */ = {isa = PBXFileReference; lastKnownFileType = text.plist.xml; path = Info.plist; sourceTree = "<group>"; };
		88E7ADAE2CD7917500880575 /* AuthViewController.swift */ = {isa = PBXFileReference; lastKnownFileType = sourcecode.swift; path = AuthViewController.swift; sourceTree = "<group>"; };
		88E7ADB02CD793C300880575 /* AuthViewModel.swift */ = {isa = PBXFileReference; lastKnownFileType = sourcecode.swift; path = AuthViewModel.swift; sourceTree = "<group>"; };
		88E7ADB32CD793E200880575 /* AuthCollectionViewCell.swift */ = {isa = PBXFileReference; lastKnownFileType = sourcecode.swift; path = AuthCollectionViewCell.swift; sourceTree = "<group>"; };
		88E7ADB62CD7AD3100880575 /* QuizViewController.swift */ = {isa = PBXFileReference; lastKnownFileType = sourcecode.swift; path = QuizViewController.swift; sourceTree = "<group>"; };
		88E7ADB82CD7AD4100880575 /* QuizViewModel.swift */ = {isa = PBXFileReference; lastKnownFileType = sourcecode.swift; path = QuizViewModel.swift; sourceTree = "<group>"; };
		88E7ADBB2CD7AD5A00880575 /* QuizCollectionViewCell.swift */ = {isa = PBXFileReference; lastKnownFileType = sourcecode.swift; path = QuizCollectionViewCell.swift; sourceTree = "<group>"; };
		88E7ADBF2CD8151E00880575 /* KeychainManager.swift */ = {isa = PBXFileReference; lastKnownFileType = sourcecode.swift; path = KeychainManager.swift; sourceTree = "<group>"; };
		88E7ADC22CD815E800880575 /* User.swift */ = {isa = PBXFileReference; lastKnownFileType = sourcecode.swift; path = User.swift; sourceTree = "<group>"; };
/* End PBXFileReference section */

/* Begin PBXFrameworksBuildPhase section */
		88E7AD8F2CD78F0C00880575 /* Frameworks */ = {
			isa = PBXFrameworksBuildPhase;
			buildActionMask = 2147483647;
			files = (
			);
			runOnlyForDeploymentPostprocessing = 0;
		};
/* End PBXFrameworksBuildPhase section */

/* Begin PBXGroup section */
		88E7AD892CD78F0C00880575 = {
			isa = PBXGroup;
			children = (
				88E7AD942CD78F0C00880575 /* homework20 */,
				88E7AD932CD78F0C00880575 /* Products */,
			);
			sourceTree = "<group>";
		};
		88E7AD932CD78F0C00880575 /* Products */ = {
			isa = PBXGroup;
			children = (
				88E7AD922CD78F0C00880575 /* homework20.app */,
			);
			name = Products;
			sourceTree = "<group>";
		};
		88E7AD942CD78F0C00880575 /* homework20 */ = {
			isa = PBXGroup;
			children = (
				88E7ADC12CD815D000880575 /* Models */,
				88E7ADB52CD7AD0A00880575 /* QuizPage */,
				88E7ADAB2CD7911900880575 /* AuthPage */,
				88E7ADAA2CD7911100880575 /* Managers */,
				88E7AD952CD78F0C00880575 /* AppDelegate.swift */,
				88E7AD972CD78F0C00880575 /* SceneDelegate.swift */,
				88E7AD9B2CD78F0C00880575 /* Main.storyboard */,
				88E7AD9E2CD78F0E00880575 /* Assets.xcassets */,
				88E7ADA32CD78F0E00880575 /* Info.plist */,
			);
			path = homework20;
			sourceTree = "<group>";
		};
		88E7ADAA2CD7911100880575 /* Managers */ = {
			isa = PBXGroup;
			children = (
				88E7ADBF2CD8151E00880575 /* KeychainManager.swift */,
			);
			path = Managers;
			sourceTree = "<group>";
		};
		88E7ADAB2CD7911900880575 /* AuthPage */ = {
			isa = PBXGroup;
			children = (
				88E7ADB22CD793C600880575 /* Cell */,
				88E7ADAE2CD7917500880575 /* AuthViewController.swift */,
				88E7ADB02CD793C300880575 /* AuthViewModel.swift */,
			);
			path = AuthPage;
			sourceTree = "<group>";
		};
		88E7ADB22CD793C600880575 /* Cell */ = {
			isa = PBXGroup;
			children = (
				88E7ADB32CD793E200880575 /* AuthCollectionViewCell.swift */,
			);
			path = Cell;
			sourceTree = "<group>";
		};
		88E7ADB52CD7AD0A00880575 /* QuizPage */ = {
			isa = PBXGroup;
			children = (
				88E7ADBA2CD7AD4600880575 /* Cell */,
				88E7ADB62CD7AD3100880575 /* QuizViewController.swift */,
				88E7ADB82CD7AD4100880575 /* QuizViewModel.swift */,
			);
			path = QuizPage;
			sourceTree = "<group>";
		};
		88E7ADBA2CD7AD4600880575 /* Cell */ = {
			isa = PBXGroup;
			children = (
				88E7ADBB2CD7AD5A00880575 /* QuizCollectionViewCell.swift */,
			);
			path = Cell;
			sourceTree = "<group>";
		};
		88E7ADC12CD815D000880575 /* Models */ = {
			isa = PBXGroup;
			children = (
				88E7ADC22CD815E800880575 /* User.swift */,
			);
			path = Models;
			sourceTree = "<group>";
		};
/* End PBXGroup section */

/* Begin PBXNativeTarget section */
		88E7AD912CD78F0C00880575 /* homework20 */ = {
			isa = PBXNativeTarget;
			buildConfigurationList = 88E7ADA62CD78F0E00880575 /* Build configuration list for PBXNativeTarget "homework20" */;
			buildPhases = (
				88E7AD8E2CD78F0C00880575 /* Sources */,
				88E7AD8F2CD78F0C00880575 /* Frameworks */,
				88E7AD902CD78F0C00880575 /* Resources */,
			);
			buildRules = (
			);
			dependencies = (
			);
			name = homework20;
			productName = homework20;
			productReference = 88E7AD922CD78F0C00880575 /* homework20.app */;
			productType = "com.apple.product-type.application";
		};
/* End PBXNativeTarget section */

/* Begin PBXProject section */
		88E7AD8A2CD78F0C00880575 /* Project object */ = {
			isa = PBXProject;
			attributes = {
				BuildIndependentTargetsInParallel = 1;
				LastSwiftUpdateCheck = 1510;
				LastUpgradeCheck = 1510;
				TargetAttributes = {
					88E7AD912CD78F0C00880575 = {
						CreatedOnToolsVersion = 15.1;
					};
				};
			};
			buildConfigurationList = 88E7AD8D2CD78F0C00880575 /* Build configuration list for PBXProject "homework20" */;
			compatibilityVersion = "Xcode 15.0";
			developmentRegion = en;
			hasScannedForEncodings = 0;
			knownRegions = (
				en,
				Base,
			);
			mainGroup = 88E7AD892CD78F0C00880575;
			productRefGroup = 88E7AD932CD78F0C00880575 /* Products */;
			projectDirPath = "";
			projectRoot = "";
			targets = (
				88E7AD912CD78F0C00880575 /* homework20 */,
			);
		};
/* End PBXProject section */

/* Begin PBXResourcesBuildPhase section */
		88E7AD902CD78F0C00880575 /* Resources */ = {
			isa = PBXResourcesBuildPhase;
			buildActionMask = 2147483647;
			files = (
				88E7AD9F2CD78F0E00880575 /* Assets.xcassets in Resources */,
				88E7AD9D2CD78F0C00880575 /* Main.storyboard in Resources */,
			);
			runOnlyForDeploymentPostprocessing = 0;
		};
/* End PBXResourcesBuildPhase section */

/* Begin PBXSourcesBuildPhase section */
		88E7AD8E2CD78F0C00880575 /* Sources */ = {
			isa = PBXSourcesBuildPhase;
			buildActionMask = 2147483647;
			files = (
				88E7ADB42CD793E200880575 /* AuthCollectionViewCell.swift in Sources */,
				88E7ADB12CD793C300880575 /* AuthViewModel.swift in Sources */,
				88E7ADB92CD7AD4100880575 /* QuizViewModel.swift in Sources */,
				88E7AD962CD78F0C00880575 /* AppDelegate.swift in Sources */,
				88E7ADC02CD8151E00880575 /* KeychainManager.swift in Sources */,
				88E7ADB72CD7AD3100880575 /* QuizViewController.swift in Sources */,
				88E7AD982CD78F0C00880575 /* SceneDelegate.swift in Sources */,
				88E7ADAF2CD7917500880575 /* AuthViewController.swift in Sources */,
				88E7ADC32CD815E800880575 /* User.swift in Sources */,
				88E7ADBC2CD7AD5A00880575 /* QuizCollectionViewCell.swift in Sources */,
			);
			runOnlyForDeploymentPostprocessing = 0;
		};
/* End PBXSourcesBuildPhase section */

/* Begin PBXVariantGroup section */
		88E7AD9B2CD78F0C00880575 /* Main.storyboard */ = {
			isa = PBXVariantGroup;
			children = (
				88E7AD9C2CD78F0C00880575 /* Base */,
			);
			name = Main.storyboard;
			sourceTree = "<group>";
		};
/* End PBXVariantGroup section */

/* Begin XCBuildConfiguration section */
		88E7ADA42CD78F0E00880575 /* Debug */ = {
			isa = XCBuildConfiguration;
			buildSettings = {
				ALWAYS_SEARCH_USER_PATHS = NO;
				ASSETCATALOG_COMPILER_GENERATE_SWIFT_ASSET_SYMBOL_EXTENSIONS = YES;
				CLANG_ANALYZER_NONNULL = YES;
				CLANG_ANALYZER_NUMBER_OBJECT_CONVERSION = YES_AGGRESSIVE;
				CLANG_CXX_LANGUAGE_STANDARD = "gnu++20";
				CLANG_ENABLE_MODULES = YES;
				CLANG_ENABLE_OBJC_ARC = YES;
				CLANG_ENABLE_OBJC_WEAK = YES;
				CLANG_WARN_BLOCK_CAPTURE_AUTORELEASING = YES;
				CLANG_WARN_BOOL_CONVERSION = YES;
				CLANG_WARN_COMMA = YES;
				CLANG_WARN_CONSTANT_CONVERSION = YES;
				CLANG_WARN_DEPRECATED_OBJC_IMPLEMENTATIONS = YES;
				CLANG_WARN_DIRECT_OBJC_ISA_USAGE = YES_ERROR;
				CLANG_WARN_DOCUMENTATION_COMMENTS = YES;
				CLANG_WARN_EMPTY_BODY = YES;
				CLANG_WARN_ENUM_CONVERSION = YES;
				CLANG_WARN_INFINITE_RECURSION = YES;
				CLANG_WARN_INT_CONVERSION = YES;
				CLANG_WARN_NON_LITERAL_NULL_CONVERSION = YES;
				CLANG_WARN_OBJC_IMPLICIT_RETAIN_SELF = YES;
				CLANG_WARN_OBJC_LITERAL_CONVERSION = YES;
				CLANG_WARN_OBJC_ROOT_CLASS = YES_ERROR;
				CLANG_WARN_QUOTED_INCLUDE_IN_FRAMEWORK_HEADER = YES;
				CLANG_WARN_RANGE_LOOP_ANALYSIS = YES;
				CLANG_WARN_STRICT_PROTOTYPES = YES;
				CLANG_WARN_SUSPICIOUS_MOVE = YES;
				CLANG_WARN_UNGUARDED_AVAILABILITY = YES_AGGRESSIVE;
				CLANG_WARN_UNREACHABLE_CODE = YES;
				CLANG_WARN__DUPLICATE_METHOD_MATCH = YES;
				COPY_PHASE_STRIP = NO;
				DEBUG_INFORMATION_FORMAT = dwarf;
				ENABLE_STRICT_OBJC_MSGSEND = YES;
				ENABLE_TESTABILITY = YES;
				ENABLE_USER_SCRIPT_SANDBOXING = YES;
				GCC_C_LANGUAGE_STANDARD = gnu17;
				GCC_DYNAMIC_NO_PIC = NO;
				GCC_NO_COMMON_BLOCKS = YES;
				GCC_OPTIMIZATION_LEVEL = 0;
				GCC_PREPROCESSOR_DEFINITIONS = (
					"DEBUG=1",
					"$(inherited)",
				);
				GCC_WARN_64_TO_32_BIT_CONVERSION = YES;
				GCC_WARN_ABOUT_RETURN_TYPE = YES_ERROR;
				GCC_WARN_UNDECLARED_SELECTOR = YES;
				GCC_WARN_UNINITIALIZED_AUTOS = YES_AGGRESSIVE;
				GCC_WARN_UNUSED_FUNCTION = YES;
				GCC_WARN_UNUSED_VARIABLE = YES;
				IPHONEOS_DEPLOYMENT_TARGET = 17.2;
				LOCALIZATION_PREFERS_STRING_CATALOGS = YES;
				MTL_ENABLE_DEBUG_INFO = INCLUDE_SOURCE;
				MTL_FAST_MATH = YES;
				ONLY_ACTIVE_ARCH = YES;
				SDKROOT = iphoneos;
				SWIFT_ACTIVE_COMPILATION_CONDITIONS = "DEBUG $(inherited)";
				SWIFT_OPTIMIZATION_LEVEL = "-Onone";
			};
			name = Debug;
		};
		88E7ADA52CD78F0E00880575 /* Release */ = {
			isa = XCBuildConfiguration;
			buildSettings = {
				ALWAYS_SEARCH_USER_PATHS = NO;
				ASSETCATALOG_COMPILER_GENERATE_SWIFT_ASSET_SYMBOL_EXTENSIONS = YES;
				CLANG_ANALYZER_NONNULL = YES;
				CLANG_ANALYZER_NUMBER_OBJECT_CONVERSION = YES_AGGRESSIVE;
				CLANG_CXX_LANGUAGE_STANDARD = "gnu++20";
				CLANG_ENABLE_MODULES = YES;
				CLANG_ENABLE_OBJC_ARC = YES;
				CLANG_ENABLE_OBJC_WEAK = YES;
				CLANG_WARN_BLOCK_CAPTURE_AUTORELEASING = YES;
				CLANG_WARN_BOOL_CONVERSION = YES;
				CLANG_WARN_COMMA = YES;
				CLANG_WARN_CONSTANT_CONVERSION = YES;
				CLANG_WARN_DEPRECATED_OBJC_IMPLEMENTATIONS = YES;
				CLANG_WARN_DIRECT_OBJC_ISA_USAGE = YES_ERROR;
				CLANG_WARN_DOCUMENTATION_COMMENTS = YES;
				CLANG_WARN_EMPTY_BODY = YES;
				CLANG_WARN_ENUM_CONVERSION = YES;
				CLANG_WARN_INFINITE_RECURSION = YES;
				CLANG_WARN_INT_CONVERSION = YES;
				CLANG_WARN_NON_LITERAL_NULL_CONVERSION = YES;
				CLANG_WARN_OBJC_IMPLICIT_RETAIN_SELF = YES;
				CLANG_WARN_OBJC_LITERAL_CONVERSION = YES;
				CLANG_WARN_OBJC_ROOT_CLASS = YES_ERROR;
				CLANG_WARN_QUOTED_INCLUDE_IN_FRAMEWORK_HEADER = YES;
				CLANG_WARN_RANGE_LOOP_ANALYSIS = YES;
				CLANG_WARN_STRICT_PROTOTYPES = YES;
				CLANG_WARN_SUSPICIOUS_MOVE = YES;
				CLANG_WARN_UNGUARDED_AVAILABILITY = YES_AGGRESSIVE;
				CLANG_WARN_UNREACHABLE_CODE = YES;
				CLANG_WARN__DUPLICATE_METHOD_MATCH = YES;
				COPY_PHASE_STRIP = NO;
				DEBUG_INFORMATION_FORMAT = "dwarf-with-dsym";
				ENABLE_NS_ASSERTIONS = NO;
				ENABLE_STRICT_OBJC_MSGSEND = YES;
				ENABLE_USER_SCRIPT_SANDBOXING = YES;
				GCC_C_LANGUAGE_STANDARD = gnu17;
				GCC_NO_COMMON_BLOCKS = YES;
				GCC_WARN_64_TO_32_BIT_CONVERSION = YES;
				GCC_WARN_ABOUT_RETURN_TYPE = YES_ERROR;
				GCC_WARN_UNDECLARED_SELECTOR = YES;
				GCC_WARN_UNINITIALIZED_AUTOS = YES_AGGRESSIVE;
				GCC_WARN_UNUSED_FUNCTION = YES;
				GCC_WARN_UNUSED_VARIABLE = YES;
				IPHONEOS_DEPLOYMENT_TARGET = 17.2;
				LOCALIZATION_PREFERS_STRING_CATALOGS = YES;
				MTL_ENABLE_DEBUG_INFO = NO;
				MTL_FAST_MATH = YES;
				SDKROOT = iphoneos;
				SWIFT_COMPILATION_MODE = wholemodule;
				VALIDATE_PRODUCT = YES;
			};
			name = Release;
		};
		88E7ADA72CD78F0E00880575 /* Debug */ = {
			isa = XCBuildConfiguration;
			buildSettings = {
				ASSETCATALOG_COMPILER_APPICON_NAME = AppIcon;
				ASSETCATALOG_COMPILER_GLOBAL_ACCENT_COLOR_NAME = AccentColor;
				CODE_SIGN_STYLE = Automatic;
				CURRENT_PROJECT_VERSION = 1;
				GENERATE_INFOPLIST_FILE = YES;
				INFOPLIST_FILE = homework20/Info.plist;
				INFOPLIST_KEY_UIApplicationSupportsIndirectInputEvents = YES;
				INFOPLIST_KEY_UILaunchStoryboardName = LaunchScreen;
				INFOPLIST_KEY_UISupportedInterfaceOrientations_iPad = "UIInterfaceOrientationPortrait UIInterfaceOrientationPortraitUpsideDown UIInterfaceOrientationLandscapeLeft UIInterfaceOrientationLandscapeRight";
				INFOPLIST_KEY_UISupportedInterfaceOrientations_iPhone = "UIInterfaceOrientationPortrait UIInterfaceOrientationLandscapeLeft UIInterfaceOrientationLandscapeRight";
				IPHONEOS_DEPLOYMENT_TARGET = 15.0;
				LD_RUNPATH_SEARCH_PATHS = (
					"$(inherited)",
					"@executable_path/Frameworks",
				);
				MARKETING_VERSION = 1.0;
				PRODUCT_BUNDLE_IDENTIFIER = com.academy.homework20;
				PRODUCT_NAME = "$(TARGET_NAME)";
				SUPPORTED_PLATFORMS = "iphoneos iphonesimulator";
				SUPPORTS_MACCATALYST = NO;
				SUPPORTS_MAC_DESIGNED_FOR_IPHONE_IPAD = NO;
				SWIFT_EMIT_LOC_STRINGS = YES;
				SWIFT_VERSION = 5.0;
				TARGETED_DEVICE_FAMILY = 1;
			};
			name = Debug;
		};
		88E7ADA82CD78F0E00880575 /* Release */ = {
			isa = XCBuildConfiguration;
			buildSettings = {
				ASSETCATALOG_COMPILER_APPICON_NAME = AppIcon;
				ASSETCATALOG_COMPILER_GLOBAL_ACCENT_COLOR_NAME = AccentColor;
				CODE_SIGN_STYLE = Automatic;
				CURRENT_PROJECT_VERSION = 1;
				GENERATE_INFOPLIST_FILE = YES;
				INFOPLIST_FILE = homework20/Info.plist;
				INFOPLIST_KEY_UIApplicationSupportsIndirectInputEvents = YES;
				INFOPLIST_KEY_UILaunchStoryboardName = LaunchScreen;
				INFOPLIST_KEY_UISupportedInterfaceOrientations_iPad = "UIInterfaceOrientationPortrait UIInterfaceOrientationPortraitUpsideDown UIInterfaceOrientationLandscapeLeft UIInterfaceOrientationLandscapeRight";
				INFOPLIST_KEY_UISupportedInterfaceOrientations_iPhone = "UIInterfaceOrientationPortrait UIInterfaceOrientationLandscapeLeft UIInterfaceOrientationLandscapeRight";
				IPHONEOS_DEPLOYMENT_TARGET = 15.0;
				LD_RUNPATH_SEARCH_PATHS = (
					"$(inherited)",
					"@executable_path/Frameworks",
				);
				MARKETING_VERSION = 1.0;
				PRODUCT_BUNDLE_IDENTIFIER = com.academy.homework20;
				PRODUCT_NAME = "$(TARGET_NAME)";
				SUPPORTED_PLATFORMS = "iphoneos iphonesimulator";
				SUPPORTS_MACCATALYST = NO;
				SUPPORTS_MAC_DESIGNED_FOR_IPHONE_IPAD = NO;
				SWIFT_EMIT_LOC_STRINGS = YES;
				SWIFT_VERSION = 5.0;
				TARGETED_DEVICE_FAMILY = 1;
			};
			name = Release;
		};
/* End XCBuildConfiguration section */

/* Begin XCConfigurationList section */
		88E7AD8D2CD78F0C00880575 /* Build configuration list for PBXProject "homework20" */ = {
			isa = XCConfigurationList;
			buildConfigurations = (
				88E7ADA42CD78F0E00880575 /* Debug */,
				88E7ADA52CD78F0E00880575 /* Release */,
			);
			defaultConfigurationIsVisible = 0;
			defaultConfigurationName = Release;
		};
		88E7ADA62CD78F0E00880575 /* Build configuration list for PBXNativeTarget "homework20" */ = {
			isa = XCConfigurationList;
			buildConfigurations = (
				88E7ADA72CD78F0E00880575 /* Debug */,
				88E7ADA82CD78F0E00880575 /* Release */,
			);
			defaultConfigurationIsVisible = 0;
			defaultConfigurationName = Release;
		};
/* End XCConfigurationList section */
	};
	rootObject = 88E7AD8A2CD78F0C00880575 /* Project object */;
}
